{
  "name": "@yaronkoresh/bases",
  "version": "5.1.0",
  "lockfileVersion": 3,
  "requires": true,
  "packages": {
    "": {
      "name": "@yaronkoresh/bases",
      "version": "5.1.0",
      "license": "MIT",
      "dependencies": {
        "@yaronkoresh/math": "^3.3.0"
      }
    },
    "node_modules/@yaronkoresh/math": {
      "version": "3.3.0",
      "resolved": "https://registry.npmjs.org/@yaronkoresh/math/-/math-3.3.0.tgz",
      "integrity": "sha512-s6HlA2sQFcjcjtlSBoqIWWEkAHHvZBZ0FH6MzFaup4fXOS4GAz9LHAwB9ExuBlWzVYizgkeKDK0DmCBvuk72hA=="
    }
  }
}
