{
  "name": "@yaronkoresh/bases",
  "version": "5.0.0",
  "lockfileVersion": 3,
  "requires": true,
  "packages": {
    "": {
      "name": "@yaronkoresh/bases",
      "version": "5.0.0",
      "license": "MIT",
      "dependencies": {
        "@yaronkoresh/math": "^2.0.0"
      }
    },
    "node_modules/@yaronkoresh/math": {
      "version": "2.0.0",
      "resolved": "https://registry.npmjs.org/@yaronkoresh/math/-/math-2.0.0.tgz",
      "integrity": "sha512-N1LXWYva4nTvz7FLGDzM+nhXRu2XUj1/fgXq1tKRe6EpNsc/ARlviYuV22tJY0s1fNZcIcCvaQDiAOc2Fb2lng=="
    }
  }
}
